
Microsoft Visual Studio Solution File, Format Version 12.00
# Visual Studio 15
VisualStudioVersion = 15.0.28010.2016
MinimumVisualStudioVersion = 10.0.40219.1
Project("{FAE04EC0-301F-11D3-BF4B-00C04F79EFBC}") = "UpstackTest", "UpstackTest\UpstackTest.csproj", "{6A48D193-1741-4BCB-B111-502EA99186B2}"
EndProject
Global
	GlobalSection(SolutionConfigurationPlatforms) = preSolution
		Debug|Any CPU = Debug|Any CPU
		Release|Any CPU = Release|Any CPU
	EndGlobalSection
	GlobalSection(ProjectConfigurationPlatforms) = postSolution
		{6A48D193-1741-4BCB-B111-502EA99186B2}.Debug|Any CPU.ActiveCfg = Debug|Any CPU
		{6A48D193-1741-4BCB-B111-502EA99186B2}.Debug|Any CPU.Build.0 = Debug|Any CPU
		{6A48D193-1741-4BCB-B111-502EA99186B2}.Release|Any CPU.ActiveCfg = Release|Any CPU
		{6A48D193-1741-4BCB-B111-502EA99186B2}.Release|Any CPU.Build.0 = Release|Any CPU
	EndGlobalSection
	GlobalSection(SolutionProperties) = preSolution
		HideSolutionNode = FALSE
	EndGlobalSection
	GlobalSection(ExtensibilityGlobals) = postSolution
		SolutionGuid = {B3AD2F42-C36A-4BE5-8B75-A433F84CDBFB}
	EndGlobalSection
EndGlobal
